<?xml version="1.0" encoding="utf-8"?>
<Project ToolsVersion="4.0" xmlns="http://schemas.microsoft.com/developer/msbuild/2003">
  <ItemGroup>
    <Filter Include="Arquivos de Origem">
      <UniqueIdentifier>{4FC737F1-C7A5-4376-A066-2A32D752A2FF}</UniqueIdentifier>
      <Extensions>cpp;c;cc;cxx;c++;cppm;ixx;def;odl;idl;hpj;bat;asm;asmx</Extensions>
    </Filter>
    <Filter Include="Arquivos de Cabeçalho">
      <UniqueIdentifier>{93995380-89BD-4b04-88EB-625FBE52EBFB}</UniqueIdentifier>
      <Extensions>h;hh;hpp;hxx;h++;hm;inl;inc;ipp;xsd</Extensions>
    </Filter>
    <Filter Include="Arquivos de Recurso">
      <UniqueIdentifier>{67DA6AB6-F800-4c08-8B7A-83BB121AAD01}</UniqueIdentifier>
      <Extensions>rc;ico;cur;bmp;dlg;rc2;rct;bin;rgs;gif;jpg;jpeg;jpe;resx;tiff;tif;png;wav;mfcribbon-ms</Extensions>
    </Filter>
    <Filter Include="Entes">
      <UniqueIdentifier>{31fabe23-2a1b-4de5-9a6c-908164a9c166}</UniqueIdentifier>
    </Filter>
    <Filter Include="Graficos">
      <UniqueIdentifier>{134f7fbe-c0b7-422f-96c5-2dd686eedd44}</UniqueIdentifier>
    </Filter>
    <Filter Include="sons">
      <UniqueIdentifier>{e572a3a7-b0fc-4864-951e-30dd668159fc}</UniqueIdentifier>
    </Filter>
    <Filter Include="Personagens">
      <UniqueIdentifier>{c36e387b-948c-49b4-a816-af99b631d2b3}</UniqueIdentifier>
    </Filter>
    <Filter Include="containers e gerenciadores">
      <UniqueIdentifier>{a2c9c536-c6a2-4bd8-8288-b78b002db032}</UniqueIdentifier>
    </Filter>
  </ItemGroup>
  <ItemGroup>
    <ClCompile Include="Origem.cpp">
      <Filter>Arquivos de Origem</Filter>
    </ClCompile>
    <ClCompile Include="Jogo.cpp">
      <Filter>Arquivos de Origem</Filter>
    </ClCompile>
    <ClCompile Include="Ente.cpp">
      <Filter>Entes</Filter>
    </ClCompile>
    <ClCompile Include="Fase.cpp">
      <Filter>Entes</Filter>
    </ClCompile>
    <ClCompile Include="Pontuacao.cpp">
      <Filter>Entes</Filter>
    </ClCompile>
    <ClCompile Include="MenuPrincipal.cpp">
      <Filter>Entes</Filter>
    </ClCompile>
    <ClCompile Include="VelhoOeste.cpp">
      <Filter>Entes</Filter>
    </ClCompile>
    <ClCompile Include="Botao.cpp">
      <Filter>Graficos</Filter>
    </ClCompile>
    <ClCompile Include="NinhoDoDragao.cpp">
      <Filter>Entes</Filter>
    </ClCompile>
    <ClCompile Include="Mapa.cpp">
      <Filter>Graficos</Filter>
    </ClCompile>
    <ClCompile Include="Plataforma.cpp">
      <Filter>Graficos</Filter>
    </ClCompile>
    <ClCompile Include="Entidade.cpp">
      <Filter>Graficos</Filter>
    </ClCompile>
    <ClCompile Include="Obstaculo.cpp">
      <Filter>Graficos</Filter>
    </ClCompile>
    <ClCompile Include="Cactus.cpp">
      <Filter>Graficos</Filter>
    </ClCompile>
    <ClCompile Include="MenuEscolhaFases.cpp">
      <Filter>Entes</Filter>
    </ClCompile>
    <ClCompile Include="Menu.cpp">
      <Filter>Entes</Filter>
    </ClCompile>
    <ClCompile Include="MenuQtdJogadores.cpp">
      <Filter>Entes</Filter>
    </ClCompile>
    <ClCompile Include="JogoInfo.cpp">
      <Filter>containers e gerenciadores</Filter>
    </ClCompile>
    <ClCompile Include="stdafx.cpp">
      <Filter>Arquivos de Recurso</Filter>
    </ClCompile>
    <ClCompile Include="TocaDisco.cpp">
      <Filter>sons</Filter>
    </ClCompile>
    <ClCompile Include="Cowboy.cpp">
      <Filter>Personagens</Filter>
    </ClCompile>
    <ClCompile Include="Dragao.cpp">
      <Filter>Personagens</Filter>
    </ClCompile>
    <ClCompile Include="Inimigo.cpp">
      <Filter>Personagens</Filter>
    </ClCompile>
    <ClCompile Include="Inimigo1.cpp">
      <Filter>Personagens</Filter>
    </ClCompile>
    <ClCompile Include="Inimigo2.cpp">
      <Filter>Personagens</Filter>
    </ClCompile>
    <ClCompile Include="Jogador.cpp">
      <Filter>Personagens</Filter>
    </ClCompile>
    <ClCompile Include="Personagem.cpp">
      <Filter>Personagens</Filter>
    </ClCompile>
    <ClCompile Include="CowGirl.cpp">
      <Filter>Personagens</Filter>
    </ClCompile>
    <ClCompile Include="TelaMorte.cpp">
      <Filter>Entes</Filter>
    </ClCompile>
    <ClCompile Include="Espinho.cpp">
      <Filter>Graficos</Filter>
    </ClCompile>
    <ClCompile Include="AreiaDasAlmas.cpp">
      <Filter>Graficos</Filter>
    </ClCompile>
    <ClCompile Include="HitBox.cpp">
      <Filter>Personagens</Filter>
    </ClCompile>
    <ClCompile Include="GerenciadorColisoes.cpp">
      <Filter>containers e gerenciadores</Filter>
    </ClCompile>
    <ClCompile Include="ComponenteMovimento.cpp">
      <Filter>Personagens</Filter>
    </ClCompile>
    <ClCompile Include="PersonagemInfo.cpp">
      <Filter>Personagens</Filter>
    </ClCompile>
    <ClCompile Include="Gui.cpp">
      <Filter>Graficos</Filter>
    </ClCompile>
    <ClCompile Include="Barra.cpp">
      <Filter>Graficos</Filter>
    </ClCompile>
    <ClCompile Include="ListaPersonagens.cpp">
      <Filter>Arquivos de Origem</Filter>
    </ClCompile>
  </ItemGroup>
  <ItemGroup>
    <ClInclude Include="Jogo.h">
      <Filter>Arquivos de Cabeçalho</Filter>
    </ClInclude>
    <ClInclude Include="Ente.h">
      <Filter>Entes</Filter>
    </ClInclude>
    <ClInclude Include="Fase.h">
      <Filter>Entes</Filter>
    </ClInclude>
    <ClInclude Include="Pontuacao.h">
      <Filter>Entes</Filter>
    </ClInclude>
    <ClInclude Include="MenuPrincipal.h">
      <Filter>Entes</Filter>
    </ClInclude>
    <ClInclude Include="VelhoOeste.h">
      <Filter>Entes</Filter>
    </ClInclude>
    <ClInclude Include="Botao.h">
      <Filter>Graficos</Filter>
    </ClInclude>
    <ClInclude Include="NinhoDoDragao.h">
      <Filter>Entes</Filter>
    </ClInclude>
    <ClInclude Include="Plataforma.h">
      <Filter>Graficos</Filter>
    </ClInclude>
    <ClInclude Include="Entidade.h">
      <Filter>Graficos</Filter>
    </ClInclude>
    <ClInclude Include="Mapa.h">
      <Filter>Graficos</Filter>
    </ClInclude>
    <ClInclude Include="Obstaculo.h">
      <Filter>Graficos</Filter>
    </ClInclude>
    <ClInclude Include="Cactus.h">
      <Filter>Graficos</Filter>
    </ClInclude>
    <ClInclude Include="MenuEscolhaFases.h">
      <Filter>Entes</Filter>
    </ClInclude>
    <ClInclude Include="Menu.h">
      <Filter>Entes</Filter>
    </ClInclude>
    <ClInclude Include="MenuQtdJogadores.h">
      <Filter>Entes</Filter>
    </ClInclude>
    <ClInclude Include="JogoInfo.h">
      <Filter>containers e gerenciadores</Filter>
    </ClInclude>
    <ClInclude Include="stdafx.h">
      <Filter>Arquivos de Recurso</Filter>
    </ClInclude>
    <ClInclude Include="TocaDisco.h">
      <Filter>sons</Filter>
    </ClInclude>
    <ClInclude Include="Cowboy.h">
      <Filter>Personagens</Filter>
    </ClInclude>
    <ClInclude Include="Dragao.h">
      <Filter>Personagens</Filter>
    </ClInclude>
    <ClInclude Include="Inimigo.h">
      <Filter>Personagens</Filter>
    </ClInclude>
    <ClInclude Include="Inimigo1.h">
      <Filter>Personagens</Filter>
    </ClInclude>
    <ClInclude Include="Inimigo2.h">
      <Filter>Personagens</Filter>
    </ClInclude>
    <ClInclude Include="Jogador.h">
      <Filter>Personagens</Filter>
    </ClInclude>
    <ClInclude Include="Personagem.h">
      <Filter>Personagens</Filter>
    </ClInclude>
    <ClInclude Include="CowGirl.h">
      <Filter>Personagens</Filter>
    </ClInclude>
    <ClInclude Include="configuracoes.h">
      <Filter>Arquivos de Cabeçalho</Filter>
    </ClInclude>
    <ClInclude Include="TelaMorte.h">
      <Filter>Entes</Filter>
    </ClInclude>
    <ClInclude Include="AreiaDasAlmas.h">
      <Filter>Graficos</Filter>
    </ClInclude>
    <ClInclude Include="Espinho.h">
      <Filter>Graficos</Filter>
    </ClInclude>
    <ClInclude Include="HitBox.h">
      <Filter>Personagens</Filter>
    </ClInclude>
    <ClInclude Include="GerenciadorColisoes.h">
      <Filter>containers e gerenciadores</Filter>
    </ClInclude>
    <ClInclude Include="ComponenteMovimento.h">
      <Filter>Personagens</Filter>
    </ClInclude>
    <ClInclude Include="PersonagemInfo.h">
      <Filter>Personagens</Filter>
    </ClInclude>
    <ClInclude Include="Gui.h">
      <Filter>Graficos</Filter>
    </ClInclude>
    <ClInclude Include="Barra.h">
      <Filter>Graficos</Filter>
    </ClInclude>
    <ClInclude Include="Lista.h">
      <Filter>Arquivos de Cabeçalho</Filter>
    </ClInclude>
    <ClInclude Include="ListaPersonagens.h">
      <Filter>Arquivos de Cabeçalho</Filter>
    </ClInclude>
  </ItemGroup>
</Project>