<?xml version="1.0" encoding="utf-8"?>
<Project ToolsVersion="4.0" xmlns="http://schemas.microsoft.com/developer/msbuild/2003">
  <ItemGroup>
    <Filter Include="Arquivos de Origem">
      <UniqueIdentifier>{4FC737F1-C7A5-4376-A066-2A32D752A2FF}</UniqueIdentifier>
      <Extensions>cpp;c;cc;cxx;c++;cppm;ixx;def;odl;idl;hpj;bat;asm;asmx</Extensions>
    </Filter>
    <Filter Include="Arquivos de Cabeçalho">
      <UniqueIdentifier>{93995380-89BD-4b04-88EB-625FBE52EBFB}</UniqueIdentifier>
      <Extensions>h;hh;hpp;hxx;h++;hm;inl;inc;ipp;xsd</Extensions>
    </Filter>
    <Filter Include="Arquivos de Recurso">
      <UniqueIdentifier>{67DA6AB6-F800-4c08-8B7A-83BB121AAD01}</UniqueIdentifier>
      <Extensions>rc;ico;cur;bmp;dlg;rc2;rct;bin;rgs;gif;jpg;jpeg;jpe;resx;tiff;tif;png;wav;mfcribbon-ms</Extensions>
    </Filter>
    <Filter Include="Graficos">
      <UniqueIdentifier>{134f7fbe-c0b7-422f-96c5-2dd686eedd44}</UniqueIdentifier>
    </Filter>
    <Filter Include="sons">
      <UniqueIdentifier>{e572a3a7-b0fc-4864-951e-30dd668159fc}</UniqueIdentifier>
    </Filter>
    <Filter Include="Personagens">
      <UniqueIdentifier>{c36e387b-948c-49b4-a816-af99b631d2b3}</UniqueIdentifier>
    </Filter>
    <Filter Include="containers e gerenciadores">
      <UniqueIdentifier>{a2c9c536-c6a2-4bd8-8288-b78b002db032}</UniqueIdentifier>
    </Filter>
    <Filter Include="listas">
      <UniqueIdentifier>{bdf38526-84fa-4cf9-aa99-34f670dade6a}</UniqueIdentifier>
    </Filter>
    <Filter Include="Telas">
      <UniqueIdentifier>{31fabe23-2a1b-4de5-9a6c-908164a9c166}</UniqueIdentifier>
    </Filter>
    <Filter Include="blocos">
      <UniqueIdentifier>{3f011f68-f014-489a-8ab7-14733653dcbd}</UniqueIdentifier>
    </Filter>
    <Filter Include="Botoes">
      <UniqueIdentifier>{6b649886-e1dd-41b6-a88f-694216a63d87}</UniqueIdentifier>
    </Filter>
  </ItemGroup>
  <ItemGroup>
    <ClCompile Include="Origem.cpp">
      <Filter>Arquivos de Origem</Filter>
    </ClCompile>
    <ClCompile Include="Jogo.cpp">
      <Filter>Arquivos de Origem</Filter>
    </ClCompile>
    <ClCompile Include="Ente.cpp">
      <Filter>Telas</Filter>
    </ClCompile>
    <ClCompile Include="Fase.cpp">
      <Filter>Telas</Filter>
    </ClCompile>
    <ClCompile Include="TelaPontuacao.cpp">
      <Filter>Telas</Filter>
    </ClCompile>
    <ClCompile Include="MenuPrincipal.cpp">
      <Filter>Telas</Filter>
    </ClCompile>
    <ClCompile Include="VelhoOeste.cpp">
      <Filter>Telas</Filter>
    </ClCompile>
    <ClCompile Include="NinhoDoDragao.cpp">
      <Filter>Telas</Filter>
    </ClCompile>
    <ClCompile Include="Mapa.cpp">
      <Filter>Graficos</Filter>
    </ClCompile>
    <ClCompile Include="MenuEscolhaFases.cpp">
      <Filter>Telas</Filter>
    </ClCompile>
    <ClCompile Include="Menu.cpp">
      <Filter>Telas</Filter>
    </ClCompile>
    <ClCompile Include="MenuQtdJogadores.cpp">
      <Filter>Telas</Filter>
    </ClCompile>
    <ClCompile Include="JogoInfo.cpp">
      <Filter>containers e gerenciadores</Filter>
    </ClCompile>
    <ClCompile Include="stdafx.cpp">
      <Filter>Arquivos de Recurso</Filter>
    </ClCompile>
    <ClCompile Include="TocaDisco.cpp">
      <Filter>sons</Filter>
    </ClCompile>
    <ClCompile Include="Cowboy.cpp">
      <Filter>Personagens</Filter>
    </ClCompile>
    <ClCompile Include="Dragao.cpp">
      <Filter>Personagens</Filter>
    </ClCompile>
    <ClCompile Include="Inimigo.cpp">
      <Filter>Personagens</Filter>
    </ClCompile>
    <ClCompile Include="Bruxa.cpp">
      <Filter>Personagens</Filter>
    </ClCompile>
    <ClCompile Include="Jogador.cpp">
      <Filter>Personagens</Filter>
    </ClCompile>
    <ClCompile Include="Personagem.cpp">
      <Filter>Personagens</Filter>
    </ClCompile>
    <ClCompile Include="CowGirl.cpp">
      <Filter>Personagens</Filter>
    </ClCompile>
    <ClCompile Include="TelaAdicionarPontuacao.cpp">
      <Filter>Telas</Filter>
    </ClCompile>
    <ClCompile Include="HitBox.cpp">
      <Filter>Personagens</Filter>
    </ClCompile>
    <ClCompile Include="GerenciadorColisoes.cpp">
      <Filter>containers e gerenciadores</Filter>
    </ClCompile>
    <ClCompile Include="ComponenteMovimento.cpp">
      <Filter>Personagens</Filter>
    </ClCompile>
    <ClCompile Include="PersonagemInfo.cpp">
      <Filter>Personagens</Filter>
    </ClCompile>
    <ClCompile Include="Gui.cpp">
      <Filter>Graficos</Filter>
    </ClCompile>
    <ClCompile Include="BarraVida.cpp">
      <Filter>Graficos</Filter>
    </ClCompile>
    <ClCompile Include="GeradorProjeteis.cpp">
      <Filter>containers e gerenciadores</Filter>
    </ClCompile>
    <ClCompile Include="Morcego.cpp">
      <Filter>Graficos</Filter>
    </ClCompile>
    <ClCompile Include="Projetil.cpp">
      <Filter>Graficos</Filter>
    </ClCompile>
    <ClCompile Include="Bloco.cpp">
      <Filter>blocos</Filter>
    </ClCompile>
    <ClCompile Include="ListaInimigos.cpp">
      <Filter>listas</Filter>
    </ClCompile>
    <ClCompile Include="ListaJogadores.cpp">
      <Filter>listas</Filter>
    </ClCompile>
    <ClCompile Include="ListaProjeteis.cpp">
      <Filter>listas</Filter>
    </ClCompile>
    <ClCompile Include="Plataforma.cpp">
      <Filter>blocos</Filter>
    </ClCompile>
    <ClCompile Include="Obstaculo.cpp">
      <Filter>blocos</Filter>
    </ClCompile>
    <ClCompile Include="Espinho.cpp">
      <Filter>blocos</Filter>
    </ClCompile>
    <ClCompile Include="Cactus.cpp">
      <Filter>blocos</Filter>
    </ClCompile>
    <ClCompile Include="AreiaDasAlmas.cpp">
      <Filter>blocos</Filter>
    </ClCompile>
    <ClCompile Include="Entidade.cpp">
      <Filter>Arquivos de Origem</Filter>
    </ClCompile>
    <ClCompile Include="CaixaPause.cpp">
      <Filter>Graficos</Filter>
    </ClCompile>
    <ClCompile Include="GerenciadorBotoes.cpp">
      <Filter>containers e gerenciadores</Filter>
    </ClCompile>
    <ClCompile Include="Cobra.cpp">
      <Filter>Personagens</Filter>
    </ClCompile>
    <ClCompile Include="Tela.cpp">
      <Filter>Telas</Filter>
    </ClCompile>
    <ClCompile Include="BotaoPadrao.cpp">
      <Filter>Botoes</Filter>
    </ClCompile>
    <ClCompile Include="BuilderBotao.cpp">
      <Filter>Botoes</Filter>
    </ClCompile>
    <ClCompile Include="Botao.cpp">
      <Filter>Botoes</Filter>
    </ClCompile>
    <ClCompile Include="BotaoSair.cpp">
      <Filter>Botoes</Filter>
    </ClCompile>
    <ClCompile Include="ListaEntidades.cpp">
      <Filter>listas</Filter>
    </ClCompile>
    <ClCompile Include="BolaFogo.cpp">
      <Filter>Graficos</Filter>
    </ClCompile>
    <ClCompile Include="GerenciadorJogoSalvo.cpp">
      <Filter>containers e gerenciadores</Filter>
    </ClCompile>
    <ClCompile Include="Shuriken.cpp">
      <Filter>Graficos</Filter>
    </ClCompile>
  </ItemGroup>
  <ItemGroup>
    <ClInclude Include="Jogo.h">
      <Filter>Arquivos de Cabeçalho</Filter>
    </ClInclude>
    <ClInclude Include="Ente.h">
      <Filter>Telas</Filter>
    </ClInclude>
    <ClInclude Include="Fase.h">
      <Filter>Telas</Filter>
    </ClInclude>
    <ClInclude Include="TelaPontuacao.h">
      <Filter>Telas</Filter>
    </ClInclude>
    <ClInclude Include="MenuPrincipal.h">
      <Filter>Telas</Filter>
    </ClInclude>
    <ClInclude Include="VelhoOeste.h">
      <Filter>Telas</Filter>
    </ClInclude>
    <ClInclude Include="NinhoDoDragao.h">
      <Filter>Telas</Filter>
    </ClInclude>
    <ClInclude Include="Mapa.h">
      <Filter>Graficos</Filter>
    </ClInclude>
    <ClInclude Include="MenuEscolhaFases.h">
      <Filter>Telas</Filter>
    </ClInclude>
    <ClInclude Include="Menu.h">
      <Filter>Telas</Filter>
    </ClInclude>
    <ClInclude Include="MenuQtdJogadores.h">
      <Filter>Telas</Filter>
    </ClInclude>
    <ClInclude Include="JogoInfo.h">
      <Filter>containers e gerenciadores</Filter>
    </ClInclude>
    <ClInclude Include="stdafx.h">
      <Filter>Arquivos de Recurso</Filter>
    </ClInclude>
    <ClInclude Include="TocaDisco.h">
      <Filter>sons</Filter>
    </ClInclude>
    <ClInclude Include="Cowboy.h">
      <Filter>Personagens</Filter>
    </ClInclude>
    <ClInclude Include="Dragao.h">
      <Filter>Personagens</Filter>
    </ClInclude>
    <ClInclude Include="Bruxa.h">
      <Filter>Personagens</Filter>
    </ClInclude>
    <ClInclude Include="Jogador.h">
      <Filter>Personagens</Filter>
    </ClInclude>
    <ClInclude Include="CowGirl.h">
      <Filter>Personagens</Filter>
    </ClInclude>
    <ClInclude Include="configuracoes.h">
      <Filter>Arquivos de Cabeçalho</Filter>
    </ClInclude>
    <ClInclude Include="TelaAdicionarPontuacao.h">
      <Filter>Telas</Filter>
    </ClInclude>
    <ClInclude Include="HitBox.h">
      <Filter>Personagens</Filter>
    </ClInclude>
    <ClInclude Include="GerenciadorColisoes.h">
      <Filter>containers e gerenciadores</Filter>
    </ClInclude>
    <ClInclude Include="ComponenteMovimento.h">
      <Filter>Personagens</Filter>
    </ClInclude>
    <ClInclude Include="PersonagemInfo.h">
      <Filter>Personagens</Filter>
    </ClInclude>
    <ClInclude Include="Gui.h">
      <Filter>Graficos</Filter>
    </ClInclude>
    <ClInclude Include="BarraVida.h">
      <Filter>Graficos</Filter>
    </ClInclude>
    <ClInclude Include="GeradorProjeteis.h">
      <Filter>containers e gerenciadores</Filter>
    </ClInclude>
    <ClInclude Include="Morcego.h">
      <Filter>Graficos</Filter>
    </ClInclude>
    <ClInclude Include="Projetil.h">
      <Filter>Graficos</Filter>
    </ClInclude>
    <ClInclude Include="Personagem.h">
      <Filter>Personagens</Filter>
    </ClInclude>
    <ClInclude Include="Bloco.h">
      <Filter>blocos</Filter>
    </ClInclude>
    <ClInclude Include="ListaProjeteis.h">
      <Filter>listas</Filter>
    </ClInclude>
    <ClInclude Include="ListaJogadores.h">
      <Filter>listas</Filter>
    </ClInclude>
    <ClInclude Include="ListaInimigos.h">
      <Filter>listas</Filter>
    </ClInclude>
    <ClInclude Include="Lista.h">
      <Filter>listas</Filter>
    </ClInclude>
    <ClInclude Include="Plataforma.h">
      <Filter>blocos</Filter>
    </ClInclude>
    <ClInclude Include="Obstaculo.h">
      <Filter>blocos</Filter>
    </ClInclude>
    <ClInclude Include="Espinho.h">
      <Filter>blocos</Filter>
    </ClInclude>
    <ClInclude Include="Cactus.h">
      <Filter>blocos</Filter>
    </ClInclude>
    <ClInclude Include="AreiaDasAlmas.h">
      <Filter>blocos</Filter>
    </ClInclude>
    <ClInclude Include="Entidade.h">
      <Filter>Arquivos de Cabeçalho</Filter>
    </ClInclude>
    <ClInclude Include="CaixaPause.h">
      <Filter>Graficos</Filter>
    </ClInclude>
    <ClInclude Include="GerenciadorBotoes.h">
      <Filter>containers e gerenciadores</Filter>
    </ClInclude>
    <ClInclude Include="Cobra.h">
      <Filter>Personagens</Filter>
    </ClInclude>
    <ClInclude Include="Tela.h">
      <Filter>Telas</Filter>
    </ClInclude>
    <ClInclude Include="Inimigo.h">
      <Filter>Personagens</Filter>
    </ClInclude>
    <ClInclude Include="BuilderBotao.h">
      <Filter>Botoes</Filter>
    </ClInclude>
    <ClInclude Include="BotaoPadrao.h">
      <Filter>Botoes</Filter>
    </ClInclude>
    <ClInclude Include="Botao.h">
      <Filter>Botoes</Filter>
    </ClInclude>
    <ClInclude Include="BotaoSair.h">
      <Filter>Botoes</Filter>
    </ClInclude>
    <ClInclude Include="ListaEntidades.h">
      <Filter>listas</Filter>
    </ClInclude>
    <ClInclude Include="GerenciadorJogoSalvo.h">
      <Filter>containers e gerenciadores</Filter>
    </ClInclude>
    <ClInclude Include="BolaFogo.h">
      <Filter>Graficos</Filter>
    </ClInclude>
    <ClInclude Include="Shuriken.h">
      <Filter>Graficos</Filter>
    </ClInclude>
  </ItemGroup>
</Project>